
Microsoft Visual Studio Solution File, Format Version 11.00
# Visual Studio 2010
Project("{2150E333-8FDC-42A3-9474-1A3956D46DE8}") = "Solution Items", "Solution Items", "{0E3B8A4F-A4AE-42DB-919B-CB01B28A0274}"
	ProjectSection(SolutionItems) = preProject
		README.txt = README.txt
	EndProjectSection
EndProject
Project("{8BC9CEB8-8B4A-11D0-8D11-00A0C91BC942}") = "libpc_swig_cpp", "libpc_swig_cpp\libpc_swig_cpp.vcxproj", "{D8860CDB-E45E-4CD4-B63C-EC08D7C21E13}"
EndProject
Project("{FAE04EC0-301F-11D3-BF4B-00C04F79EFBC}") = "libpc_swig_cs", "libpc_swig_cs\libpc_swig_cs.csproj", "{616B6A25-ECBF-4FCC-B0B2-DF8C26112753}"
	ProjectSection(ProjectDependencies) = postProject
		{D8860CDB-E45E-4CD4-B63C-EC08D7C21E13} = {D8860CDB-E45E-4CD4-B63C-EC08D7C21E13}
	EndProjectSection
EndProject
Project("{FAE04EC0-301F-11D3-BF4B-00C04F79EFBC}") = "libpc_swig_test", "libpc_swig_test\libpc_swig_test.csproj", "{3F5B745F-81E8-41A6-BA7B-E997B8A46396}"
	ProjectSection(ProjectDependencies) = postProject
		{D8860CDB-E45E-4CD4-B63C-EC08D7C21E13} = {D8860CDB-E45E-4CD4-B63C-EC08D7C21E13}
	EndProjectSection
EndProject
Global
	GlobalSection(SolutionConfigurationPlatforms) = preSolution
		Debug|x64 = Debug|x64
		Debug|x86 = Debug|x86
		Release|x64 = Release|x64
		Release|x86 = Release|x86
	EndGlobalSection
	GlobalSection(ProjectConfigurationPlatforms) = postSolution
		{D8860CDB-E45E-4CD4-B63C-EC08D7C21E13}.Debug|x64.ActiveCfg = Debug|x64
		{D8860CDB-E45E-4CD4-B63C-EC08D7C21E13}.Debug|x64.Build.0 = Debug|x64
		{D8860CDB-E45E-4CD4-B63C-EC08D7C21E13}.Debug|x86.ActiveCfg = Debug|Win32
		{D8860CDB-E45E-4CD4-B63C-EC08D7C21E13}.Debug|x86.Build.0 = Debug|Win32
		{D8860CDB-E45E-4CD4-B63C-EC08D7C21E13}.Release|x64.ActiveCfg = Release|x64
		{D8860CDB-E45E-4CD4-B63C-EC08D7C21E13}.Release|x64.Build.0 = Release|x64
		{D8860CDB-E45E-4CD4-B63C-EC08D7C21E13}.Release|x86.ActiveCfg = Release|Win32
		{D8860CDB-E45E-4CD4-B63C-EC08D7C21E13}.Release|x86.Build.0 = Release|Win32
		{616B6A25-ECBF-4FCC-B0B2-DF8C26112753}.Debug|x64.ActiveCfg = Debug|x64
		{616B6A25-ECBF-4FCC-B0B2-DF8C26112753}.Debug|x64.Build.0 = Debug|x64
		{616B6A25-ECBF-4FCC-B0B2-DF8C26112753}.Debug|x86.ActiveCfg = Debug|x86
		{616B6A25-ECBF-4FCC-B0B2-DF8C26112753}.Debug|x86.Build.0 = Debug|x86
		{616B6A25-ECBF-4FCC-B0B2-DF8C26112753}.Release|x64.ActiveCfg = Release|x64
		{616B6A25-ECBF-4FCC-B0B2-DF8C26112753}.Release|x64.Build.0 = Release|x64
		{616B6A25-ECBF-4FCC-B0B2-DF8C26112753}.Release|x86.ActiveCfg = Release|x86
		{616B6A25-ECBF-4FCC-B0B2-DF8C26112753}.Release|x86.Build.0 = Release|x86
		{3F5B745F-81E8-41A6-BA7B-E997B8A46396}.Debug|x64.ActiveCfg = Debug|x64
		{3F5B745F-81E8-41A6-BA7B-E997B8A46396}.Debug|x64.Build.0 = Debug|x64
		{3F5B745F-81E8-41A6-BA7B-E997B8A46396}.Debug|x86.ActiveCfg = Debug|x86
		{3F5B745F-81E8-41A6-BA7B-E997B8A46396}.Debug|x86.Build.0 = Debug|x86
		{3F5B745F-81E8-41A6-BA7B-E997B8A46396}.Release|x64.ActiveCfg = Release|x64
		{3F5B745F-81E8-41A6-BA7B-E997B8A46396}.Release|x64.Build.0 = Release|x64
		{3F5B745F-81E8-41A6-BA7B-E997B8A46396}.Release|x86.ActiveCfg = Release|x86
		{3F5B745F-81E8-41A6-BA7B-E997B8A46396}.Release|x86.Build.0 = Release|x86
	EndGlobalSection
	GlobalSection(SolutionProperties) = preSolution
		HideSolutionNode = FALSE
	EndGlobalSection
EndGlobal
