
Microsoft Visual Studio Solution File, Format Version 11.00
# Visual Studio 2010
Project("{F088123C-0E9E-452A-89E6-6BA2F21D5CAC}") = "ModelProject", "ModelProject.modelproj", "{4BAB7684-CDA1-4C3B-9D44-1F73661533F4}"
EndProject
Global
	GlobalSection(SolutionConfigurationPlatforms) = preSolution
		Debug|Any CPU = Debug|Any CPU
		Release|Any CPU = Release|Any CPU
	EndGlobalSection
	GlobalSection(ProjectConfigurationPlatforms) = postSolution
		{4BAB7684-CDA1-4C3B-9D44-1F73661533F4}.Debug|Any CPU.ActiveCfg = Debug|Any CPU
		{4BAB7684-CDA1-4C3B-9D44-1F73661533F4}.Debug|Any CPU.Build.0 = Debug|Any CPU
		{4BAB7684-CDA1-4C3B-9D44-1F73661533F4}.Release|Any CPU.ActiveCfg = Release|Any CPU
		{4BAB7684-CDA1-4C3B-9D44-1F73661533F4}.Release|Any CPU.Build.0 = Release|Any CPU
	EndGlobalSection
	GlobalSection(SolutionProperties) = preSolution
		HideSolutionNode = FALSE
	EndGlobalSection
EndGlobal
